
Microsoft Visual Studio Solution File, Format Version 12.00
Project("{FAE04EC0-301F-11D3-BF4B-00C04F79EFBC}") = "Calendar", "Calendar\Calendar.csproj", "{E4EA6AF6-0F69-4BEE-945A-0435359997EA}"
EndProject
Global
	GlobalSection(SolutionConfigurationPlatforms) = preSolution
		Debug|Any CPU = Debug|Any CPU
		Release|Any CPU = Release|Any CPU
	EndGlobalSection
	GlobalSection(ProjectConfigurationPlatforms) = postSolution
		{E4EA6AF6-0F69-4BEE-945A-0435359997EA}.Debug|Any CPU.ActiveCfg = Debug|Any CPU
		{E4EA6AF6-0F69-4BEE-945A-0435359997EA}.Debug|Any CPU.Build.0 = Debug|Any CPU
		{E4EA6AF6-0F69-4BEE-945A-0435359997EA}.Release|Any CPU.ActiveCfg = Release|Any CPU
		{E4EA6AF6-0F69-4BEE-945A-0435359997EA}.Release|Any CPU.Build.0 = Release|Any CPU
	EndGlobalSection
EndGlobal
